
Microsoft Visual Studio Solution File, Format Version 12.00
# Visual Studio 2012
Project("{FAE04EC0-301F-11D3-BF4B-00C04F79EFBC}") = "People Echos - WEB", "People Echos - WEB\People Echos - WEB.csproj", "{F51148A4-458B-41E8-9FD2-2849F57CAA00}"
EndProject
Global
	GlobalSection(SolutionConfigurationPlatforms) = preSolution
		Debug|Any CPU = Debug|Any CPU
		Release|Any CPU = Release|Any CPU
	EndGlobalSection
	GlobalSection(ProjectConfigurationPlatforms) = postSolution
		{F51148A4-458B-41E8-9FD2-2849F57CAA00}.Debug|Any CPU.ActiveCfg = Debug|Any CPU
		{F51148A4-458B-41E8-9FD2-2849F57CAA00}.Debug|Any CPU.Build.0 = Debug|Any CPU
		{F51148A4-458B-41E8-9FD2-2849F57CAA00}.Release|Any CPU.ActiveCfg = Release|Any CPU
		{F51148A4-458B-41E8-9FD2-2849F57CAA00}.Release|Any CPU.Build.0 = Release|Any CPU
	EndGlobalSection
	GlobalSection(SolutionProperties) = preSolution
		HideSolutionNode = FALSE
	EndGlobalSection
EndGlobal
